
Microsoft Visual Studio Solution File, Format Version 12.00
# Visual Studio 15
VisualStudioVersion = 15.0.28307.539
MinimumVisualStudioVersion = 10.0.40219.1
Project("{FAE04EC0-301F-11D3-BF4B-00C04F79EFBC}") = "Calibration", "Calibration\Calibration.csproj", "{091A3EC9-6BC3-4F4C-9DAB-1AEDA93C1C8B}"
EndProject
Project("{FAE04EC0-301F-11D3-BF4B-00C04F79EFBC}") = "CMMTrigger", "CMMTrigger\CMMTrigger.csproj", "{C202C08D-4779-4201-9E2E-BD72A0985E2D}"
EndProject
Project("{FAE04EC0-301F-11D3-BF4B-00C04F79EFBC}") = "ContainerMode", "ContainerMode\ContainerMode.csproj", "{B01654BF-BDA5-40FF-AE8E-C566268FDA65}"
EndProject
Project("{FAE04EC0-301F-11D3-BF4B-00C04F79EFBC}") = "GetProfiles_Callback", "GetProfiles_Callback\GetProfiles_Callback.csproj", "{6014C184-488F-4C35-A3BA-6152C1B70634}"
EndProject
Project("{FAE04EC0-301F-11D3-BF4B-00C04F79EFBC}") = "GetProfiles_Callback_Extended", "GetProfiles_Callback_Extended\GetProfiles_Callback_Extended.csproj", "{439CE0B5-CC47-47D4-8FDF-6C6290028C3F}"
EndProject
Project("{FAE04EC0-301F-11D3-BF4B-00C04F79EFBC}") = "GetProfiles_Poll", "GetProfiles_Poll\GetProfiles_Poll.csproj", "{76B49AAE-CBD1-4000-8F64-129CA57D7198}"
EndProject
Project("{FAE04EC0-301F-11D3-BF4B-00C04F79EFBC}") = "LLTPeakFilter", "LLTPeakFilter\LLTPeakFilter.csproj", "{65D9A22F-A5B3-4F45-B232-6D6F846D9AE3}"
EndProject
Project("{FAE04EC0-301F-11D3-BF4B-00C04F79EFBC}") = "LoadSave", "LoadSave\LoadSave.csproj", "{6560D2B1-EB80-4C6F-B98A-631D6B823BF1}"
EndProject
Project("{FAE04EC0-301F-11D3-BF4B-00C04F79EFBC}") = "MultiLLT", "MultiLLT\MultiLLT.csproj", "{0A8E8788-6841-4A16-AECB-61B6EFACEDA6}"
EndProject
Project("{FAE04EC0-301F-11D3-BF4B-00C04F79EFBC}") = "Multishot", "MultiShot\Multishot.csproj", "{A3855332-1557-4144-9439-9CB686FDBFF7}"
EndProject
Project("{FAE04EC0-301F-11D3-BF4B-00C04F79EFBC}") = "PartialProfile", "PartialProfile\PartialProfile.csproj", "{BCA55D67-0344-42FD-B27E-3EFAFBD1EED2}"
EndProject
Project("{FAE04EC0-301F-11D3-BF4B-00C04F79EFBC}") = "RegisterErrorMessage", "RegisterErrorMessage_Minimal\RegisterErrorMessage.csproj", "{9765DC97-31DB-4B4E-931D-BC7CA671CAE0}"
EndProject
Project("{FAE04EC0-301F-11D3-BF4B-00C04F79EFBC}") = "VideoMode", "VideoMode\VideoMode.csproj", "{DC7897BE-F482-4DC0-B413-8FE4586D951F}"
EndProject
Project("{FAE04EC0-301F-11D3-BF4B-00C04F79EFBC}") = "TriggerProfile", "TriggerProfile\TriggerProfile.csproj", "{7E976ED3-D807-45B2-B887-0BDF267594BB}"
EndProject
Project("{FAE04EC0-301F-11D3-BF4B-00C04F79EFBC}") = "RegisterErrorMessageWPF", "RegisterErrorMessageWPF\RegisterErrorMessageWPF.csproj", "{4BEF119A-E3F5-490E-A8C5-99B3D2CB6553}"
EndProject
Project("{FAE04EC0-301F-11D3-BF4B-00C04F79EFBC}") = "SetROIs", "SetROIs\SetROIs.csproj", "{544C0486-A002-40AC-9000-66E3E966237E}"
EndProject
Project("{FAE04EC0-301F-11D3-BF4B-00C04F79EFBC}") = "ReadPPPResults", "ReadPPPResults\ReadPPPResults.csproj", "{488EEC75-534D-4289-B508-D51D4ED4A06A}"
EndProject
Project("{FAE04EC0-301F-11D3-BF4B-00C04F79EFBC}") = "TriggerContainer", "TriggerContainer\TriggerContainer.csproj", "{B79482FB-53AF-4CDF-A4D5-1314307A73B9}"
EndProject
Project("{FAE04EC0-301F-11D3-BF4B-00C04F79EFBC}") = "sC30xx_HighSpeed", "sC30xx_HighSpeed\sC30xx_HighSpeed.csproj", "{BB141514-40DD-4495-8457-DEC3833BBBCD}"
EndProject
Project("{FAE04EC0-301F-11D3-BF4B-00C04F79EFBC}") = "AVIWriter", "AVIWriter\AVIWriter.csproj", "{955D4B08-1470-4D4E-A8C1-6A3BD8893B9C}"
EndProject
Global
	GlobalSection(SolutionConfigurationPlatforms) = preSolution
		Debug|Any CPU = Debug|Any CPU
		Debug|x64 = Debug|x64
		Debug|x86 = Debug|x86
		Release|Any CPU = Release|Any CPU
		Release|x64 = Release|x64
		Release|x86 = Release|x86
	EndGlobalSection
	GlobalSection(ProjectConfigurationPlatforms) = postSolution
		{091A3EC9-6BC3-4F4C-9DAB-1AEDA93C1C8B}.Debug|Any CPU.ActiveCfg = Debug|Any CPU
		{091A3EC9-6BC3-4F4C-9DAB-1AEDA93C1C8B}.Debug|Any CPU.Build.0 = Debug|Any CPU
		{091A3EC9-6BC3-4F4C-9DAB-1AEDA93C1C8B}.Debug|x64.ActiveCfg = Debug|x64
		{091A3EC9-6BC3-4F4C-9DAB-1AEDA93C1C8B}.Debug|x64.Build.0 = Debug|x64
		{091A3EC9-6BC3-4F4C-9DAB-1AEDA93C1C8B}.Debug|x86.ActiveCfg = Debug|x86
		{091A3EC9-6BC3-4F4C-9DAB-1AEDA93C1C8B}.Debug|x86.Build.0 = Debug|x86
		{091A3EC9-6BC3-4F4C-9DAB-1AEDA93C1C8B}.Release|Any CPU.ActiveCfg = Release|Any CPU
		{091A3EC9-6BC3-4F4C-9DAB-1AEDA93C1C8B}.Release|Any CPU.Build.0 = Release|Any CPU
		{091A3EC9-6BC3-4F4C-9DAB-1AEDA93C1C8B}.Release|x64.ActiveCfg = Release|x64
		{091A3EC9-6BC3-4F4C-9DAB-1AEDA93C1C8B}.Release|x64.Build.0 = Release|x64
		{091A3EC9-6BC3-4F4C-9DAB-1AEDA93C1C8B}.Release|x86.ActiveCfg = Release|x86
		{091A3EC9-6BC3-4F4C-9DAB-1AEDA93C1C8B}.Release|x86.Build.0 = Release|x86
		{C202C08D-4779-4201-9E2E-BD72A0985E2D}.Debug|Any CPU.ActiveCfg = Debug|Any CPU
		{C202C08D-4779-4201-9E2E-BD72A0985E2D}.Debug|Any CPU.Build.0 = Debug|Any CPU
		{C202C08D-4779-4201-9E2E-BD72A0985E2D}.Debug|x64.ActiveCfg = Debug|x64
		{C202C08D-4779-4201-9E2E-BD72A0985E2D}.Debug|x64.Build.0 = Debug|x64
		{C202C08D-4779-4201-9E2E-BD72A0985E2D}.Debug|x86.ActiveCfg = Debug|x86
		{C202C08D-4779-4201-9E2E-BD72A0985E2D}.Debug|x86.Build.0 = Debug|x86
		{C202C08D-4779-4201-9E2E-BD72A0985E2D}.Release|Any CPU.ActiveCfg = Release|Any CPU
		{C202C08D-4779-4201-9E2E-BD72A0985E2D}.Release|Any CPU.Build.0 = Release|Any CPU
		{C202C08D-4779-4201-9E2E-BD72A0985E2D}.Release|x64.ActiveCfg = Release|x64
		{C202C08D-4779-4201-9E2E-BD72A0985E2D}.Release|x64.Build.0 = Release|x64
		{C202C08D-4779-4201-9E2E-BD72A0985E2D}.Release|x86.ActiveCfg = Release|x86
		{C202C08D-4779-4201-9E2E-BD72A0985E2D}.Release|x86.Build.0 = Release|x86
		{B01654BF-BDA5-40FF-AE8E-C566268FDA65}.Debug|Any CPU.ActiveCfg = Debug|Any CPU
		{B01654BF-BDA5-40FF-AE8E-C566268FDA65}.Debug|Any CPU.Build.0 = Debug|Any CPU
		{B01654BF-BDA5-40FF-AE8E-C566268FDA65}.Debug|x64.ActiveCfg = Debug|x64
		{B01654BF-BDA5-40FF-AE8E-C566268FDA65}.Debug|x64.Build.0 = Debug|x64
		{B01654BF-BDA5-40FF-AE8E-C566268FDA65}.Debug|x86.ActiveCfg = Debug|x86
		{B01654BF-BDA5-40FF-AE8E-C566268FDA65}.Debug|x86.Build.0 = Debug|x86
		{B01654BF-BDA5-40FF-AE8E-C566268FDA65}.Release|Any CPU.ActiveCfg = Release|Any CPU
		{B01654BF-BDA5-40FF-AE8E-C566268FDA65}.Release|Any CPU.Build.0 = Release|Any CPU
		{B01654BF-BDA5-40FF-AE8E-C566268FDA65}.Release|x64.ActiveCfg = Release|x64
		{B01654BF-BDA5-40FF-AE8E-C566268FDA65}.Release|x64.Build.0 = Release|x64
		{B01654BF-BDA5-40FF-AE8E-C566268FDA65}.Release|x86.ActiveCfg = Release|x86
		{B01654BF-BDA5-40FF-AE8E-C566268FDA65}.Release|x86.Build.0 = Release|x86
		{6014C184-488F-4C35-A3BA-6152C1B70634}.Debug|Any CPU.ActiveCfg = Debug|Any CPU
		{6014C184-488F-4C35-A3BA-6152C1B70634}.Debug|Any CPU.Build.0 = Debug|Any CPU
		{6014C184-488F-4C35-A3BA-6152C1B70634}.Debug|x64.ActiveCfg = Debug|x64
		{6014C184-488F-4C35-A3BA-6152C1B70634}.Debug|x64.Build.0 = Debug|x64
		{6014C184-488F-4C35-A3BA-6152C1B70634}.Debug|x86.ActiveCfg = Debug|x86
		{6014C184-488F-4C35-A3BA-6152C1B70634}.Debug|x86.Build.0 = Debug|x86
		{6014C184-488F-4C35-A3BA-6152C1B70634}.Release|Any CPU.ActiveCfg = Release|Any CPU
		{6014C184-488F-4C35-A3BA-6152C1B70634}.Release|Any CPU.Build.0 = Release|Any CPU
		{6014C184-488F-4C35-A3BA-6152C1B70634}.Release|x64.ActiveCfg = Release|x64
		{6014C184-488F-4C35-A3BA-6152C1B70634}.Release|x64.Build.0 = Release|x64
		{6014C184-488F-4C35-A3BA-6152C1B70634}.Release|x86.ActiveCfg = Release|x86
		{6014C184-488F-4C35-A3BA-6152C1B70634}.Release|x86.Build.0 = Release|x86
		{439CE0B5-CC47-47D4-8FDF-6C6290028C3F}.Debug|Any CPU.ActiveCfg = Debug|Any CPU
		{439CE0B5-CC47-47D4-8FDF-6C6290028C3F}.Debug|Any CPU.Build.0 = Debug|Any CPU
		{439CE0B5-CC47-47D4-8FDF-6C6290028C3F}.Debug|x64.ActiveCfg = Debug|x64
		{439CE0B5-CC47-47D4-8FDF-6C6290028C3F}.Debug|x64.Build.0 = Debug|x64
		{439CE0B5-CC47-47D4-8FDF-6C6290028C3F}.Debug|x86.ActiveCfg = Debug|x86
		{439CE0B5-CC47-47D4-8FDF-6C6290028C3F}.Debug|x86.Build.0 = Debug|x86
		{439CE0B5-CC47-47D4-8FDF-6C6290028C3F}.Release|Any CPU.ActiveCfg = Release|Any CPU
		{439CE0B5-CC47-47D4-8FDF-6C6290028C3F}.Release|Any CPU.Build.0 = Release|Any CPU
		{439CE0B5-CC47-47D4-8FDF-6C6290028C3F}.Release|x64.ActiveCfg = Release|x64
		{439CE0B5-CC47-47D4-8FDF-6C6290028C3F}.Release|x64.Build.0 = Release|x64
		{439CE0B5-CC47-47D4-8FDF-6C6290028C3F}.Release|x86.ActiveCfg = Release|x86
		{439CE0B5-CC47-47D4-8FDF-6C6290028C3F}.Release|x86.Build.0 = Release|x86
		{76B49AAE-CBD1-4000-8F64-129CA57D7198}.Debug|Any CPU.ActiveCfg = Debug|Any CPU
		{76B49AAE-CBD1-4000-8F64-129CA57D7198}.Debug|Any CPU.Build.0 = Debug|Any CPU
		{76B49AAE-CBD1-4000-8F64-129CA57D7198}.Debug|x64.ActiveCfg = Debug|x64
		{76B49AAE-CBD1-4000-8F64-129CA57D7198}.Debug|x64.Build.0 = Debug|x64
		{76B49AAE-CBD1-4000-8F64-129CA57D7198}.Debug|x86.ActiveCfg = Debug|x86
		{76B49AAE-CBD1-4000-8F64-129CA57D7198}.Debug|x86.Build.0 = Debug|x86
		{76B49AAE-CBD1-4000-8F64-129CA57D7198}.Release|Any CPU.ActiveCfg = Release|Any CPU
		{76B49AAE-CBD1-4000-8F64-129CA57D7198}.Release|Any CPU.Build.0 = Release|Any CPU
		{76B49AAE-CBD1-4000-8F64-129CA57D7198}.Release|x64.ActiveCfg = Release|x64
		{76B49AAE-CBD1-4000-8F64-129CA57D7198}.Release|x64.Build.0 = Release|x64
		{76B49AAE-CBD1-4000-8F64-129CA57D7198}.Release|x86.ActiveCfg = Release|x86
		{76B49AAE-CBD1-4000-8F64-129CA57D7198}.Release|x86.Build.0 = Release|x86
		{65D9A22F-A5B3-4F45-B232-6D6F846D9AE3}.Debug|Any CPU.ActiveCfg = Debug|Any CPU
		{65D9A22F-A5B3-4F45-B232-6D6F846D9AE3}.Debug|Any CPU.Build.0 = Debug|Any CPU
		{65D9A22F-A5B3-4F45-B232-6D6F846D9AE3}.Debug|x64.ActiveCfg = Debug|x64
		{65D9A22F-A5B3-4F45-B232-6D6F846D9AE3}.Debug|x64.Build.0 = Debug|x64
		{65D9A22F-A5B3-4F45-B232-6D6F846D9AE3}.Debug|x86.ActiveCfg = Debug|x86
		{65D9A22F-A5B3-4F45-B232-6D6F846D9AE3}.Debug|x86.Build.0 = Debug|x86
		{65D9A22F-A5B3-4F45-B232-6D6F846D9AE3}.Release|Any CPU.ActiveCfg = Release|Any CPU
		{65D9A22F-A5B3-4F45-B232-6D6F846D9AE3}.Release|Any CPU.Build.0 = Release|Any CPU
		{65D9A22F-A5B3-4F45-B232-6D6F846D9AE3}.Release|x64.ActiveCfg = Release|x64
		{65D9A22F-A5B3-4F45-B232-6D6F846D9AE3}.Release|x64.Build.0 = Release|x64
		{65D9A22F-A5B3-4F45-B232-6D6F846D9AE3}.Release|x86.ActiveCfg = Release|x86
		{65D9A22F-A5B3-4F45-B232-6D6F846D9AE3}.Release|x86.Build.0 = Release|x86
		{6560D2B1-EB80-4C6F-B98A-631D6B823BF1}.Debug|Any CPU.ActiveCfg = Debug|Any CPU
		{6560D2B1-EB80-4C6F-B98A-631D6B823BF1}.Debug|Any CPU.Build.0 = Debug|Any CPU
		{6560D2B1-EB80-4C6F-B98A-631D6B823BF1}.Debug|x64.ActiveCfg = Debug|x64
		{6560D2B1-EB80-4C6F-B98A-631D6B823BF1}.Debug|x64.Build.0 = Debug|x64
		{6560D2B1-EB80-4C6F-B98A-631D6B823BF1}.Debug|x86.ActiveCfg = Debug|x86
		{6560D2B1-EB80-4C6F-B98A-631D6B823BF1}.Debug|x86.Build.0 = Debug|x86
		{6560D2B1-EB80-4C6F-B98A-631D6B823BF1}.Release|Any CPU.ActiveCfg = Release|Any CPU
		{6560D2B1-EB80-4C6F-B98A-631D6B823BF1}.Release|Any CPU.Build.0 = Release|Any CPU
		{6560D2B1-EB80-4C6F-B98A-631D6B823BF1}.Release|x64.ActiveCfg = Release|x64
		{6560D2B1-EB80-4C6F-B98A-631D6B823BF1}.Release|x64.Build.0 = Release|x64
		{6560D2B1-EB80-4C6F-B98A-631D6B823BF1}.Release|x86.ActiveCfg = Release|x86
		{6560D2B1-EB80-4C6F-B98A-631D6B823BF1}.Release|x86.Build.0 = Release|x86
		{0A8E8788-6841-4A16-AECB-61B6EFACEDA6}.Debug|Any CPU.ActiveCfg = Debug|Any CPU
		{0A8E8788-6841-4A16-AECB-61B6EFACEDA6}.Debug|Any CPU.Build.0 = Debug|Any CPU
		{0A8E8788-6841-4A16-AECB-61B6EFACEDA6}.Debug|x64.ActiveCfg = Debug|x64
		{0A8E8788-6841-4A16-AECB-61B6EFACEDA6}.Debug|x64.Build.0 = Debug|x64
		{0A8E8788-6841-4A16-AECB-61B6EFACEDA6}.Debug|x86.ActiveCfg = Debug|x86
		{0A8E8788-6841-4A16-AECB-61B6EFACEDA6}.Debug|x86.Build.0 = Debug|x86
		{0A8E8788-6841-4A16-AECB-61B6EFACEDA6}.Release|Any CPU.ActiveCfg = Release|Any CPU
		{0A8E8788-6841-4A16-AECB-61B6EFACEDA6}.Release|Any CPU.Build.0 = Release|Any CPU
		{0A8E8788-6841-4A16-AECB-61B6EFACEDA6}.Release|x64.ActiveCfg = Release|x64
		{0A8E8788-6841-4A16-AECB-61B6EFACEDA6}.Release|x64.Build.0 = Release|x64
		{0A8E8788-6841-4A16-AECB-61B6EFACEDA6}.Release|x86.ActiveCfg = Release|x86
		{0A8E8788-6841-4A16-AECB-61B6EFACEDA6}.Release|x86.Build.0 = Release|x86
		{A3855332-1557-4144-9439-9CB686FDBFF7}.Debug|Any CPU.ActiveCfg = Debug|Any CPU
		{A3855332-1557-4144-9439-9CB686FDBFF7}.Debug|Any CPU.Build.0 = Debug|Any CPU
		{A3855332-1557-4144-9439-9CB686FDBFF7}.Debug|x64.ActiveCfg = Debug|x64
		{A3855332-1557-4144-9439-9CB686FDBFF7}.Debug|x64.Build.0 = Debug|x64
		{A3855332-1557-4144-9439-9CB686FDBFF7}.Debug|x86.ActiveCfg = Debug|x86
		{A3855332-1557-4144-9439-9CB686FDBFF7}.Debug|x86.Build.0 = Debug|x86
		{A3855332-1557-4144-9439-9CB686FDBFF7}.Release|Any CPU.ActiveCfg = Release|Any CPU
		{A3855332-1557-4144-9439-9CB686FDBFF7}.Release|Any CPU.Build.0 = Release|Any CPU
		{A3855332-1557-4144-9439-9CB686FDBFF7}.Release|x64.ActiveCfg = Release|x64
		{A3855332-1557-4144-9439-9CB686FDBFF7}.Release|x64.Build.0 = Release|x64
		{A3855332-1557-4144-9439-9CB686FDBFF7}.Release|x86.ActiveCfg = Release|x86
		{A3855332-1557-4144-9439-9CB686FDBFF7}.Release|x86.Build.0 = Release|x86
		{BCA55D67-0344-42FD-B27E-3EFAFBD1EED2}.Debug|Any CPU.ActiveCfg = Debug|Any CPU
		{BCA55D67-0344-42FD-B27E-3EFAFBD1EED2}.Debug|Any CPU.Build.0 = Debug|Any CPU
		{BCA55D67-0344-42FD-B27E-3EFAFBD1EED2}.Debug|x64.ActiveCfg = Debug|x64
		{BCA55D67-0344-42FD-B27E-3EFAFBD1EED2}.Debug|x64.Build.0 = Debug|x64
		{BCA55D67-0344-42FD-B27E-3EFAFBD1EED2}.Debug|x86.ActiveCfg = Debug|x86
		{BCA55D67-0344-42FD-B27E-3EFAFBD1EED2}.Debug|x86.Build.0 = Debug|x86
		{BCA55D67-0344-42FD-B27E-3EFAFBD1EED2}.Release|Any CPU.ActiveCfg = Release|Any CPU
		{BCA55D67-0344-42FD-B27E-3EFAFBD1EED2}.Release|Any CPU.Build.0 = Release|Any CPU
		{BCA55D67-0344-42FD-B27E-3EFAFBD1EED2}.Release|x64.ActiveCfg = Release|x64
		{BCA55D67-0344-42FD-B27E-3EFAFBD1EED2}.Release|x64.Build.0 = Release|x64
		{BCA55D67-0344-42FD-B27E-3EFAFBD1EED2}.Release|x86.ActiveCfg = Release|x86
		{BCA55D67-0344-42FD-B27E-3EFAFBD1EED2}.Release|x86.Build.0 = Release|x86
		{9765DC97-31DB-4B4E-931D-BC7CA671CAE0}.Debug|Any CPU.ActiveCfg = Debug|Any CPU
		{9765DC97-31DB-4B4E-931D-BC7CA671CAE0}.Debug|Any CPU.Build.0 = Debug|Any CPU
		{9765DC97-31DB-4B4E-931D-BC7CA671CAE0}.Debug|x64.ActiveCfg = Debug|x64
		{9765DC97-31DB-4B4E-931D-BC7CA671CAE0}.Debug|x64.Build.0 = Debug|x64
		{9765DC97-31DB-4B4E-931D-BC7CA671CAE0}.Debug|x86.ActiveCfg = Debug|x86
		{9765DC97-31DB-4B4E-931D-BC7CA671CAE0}.Debug|x86.Build.0 = Debug|x86
		{9765DC97-31DB-4B4E-931D-BC7CA671CAE0}.Release|Any CPU.ActiveCfg = Release|Any CPU
		{9765DC97-31DB-4B4E-931D-BC7CA671CAE0}.Release|Any CPU.Build.0 = Release|Any CPU
		{9765DC97-31DB-4B4E-931D-BC7CA671CAE0}.Release|x64.ActiveCfg = Release|x64
		{9765DC97-31DB-4B4E-931D-BC7CA671CAE0}.Release|x64.Build.0 = Release|x64
		{9765DC97-31DB-4B4E-931D-BC7CA671CAE0}.Release|x86.ActiveCfg = Release|x86
		{9765DC97-31DB-4B4E-931D-BC7CA671CAE0}.Release|x86.Build.0 = Release|x86
		{DC7897BE-F482-4DC0-B413-8FE4586D951F}.Debug|Any CPU.ActiveCfg = Debug|Any CPU
		{DC7897BE-F482-4DC0-B413-8FE4586D951F}.Debug|Any CPU.Build.0 = Debug|Any CPU
		{DC7897BE-F482-4DC0-B413-8FE4586D951F}.Debug|x64.ActiveCfg = Debug|x64
		{DC7897BE-F482-4DC0-B413-8FE4586D951F}.Debug|x64.Build.0 = Debug|x64
		{DC7897BE-F482-4DC0-B413-8FE4586D951F}.Debug|x86.ActiveCfg = Debug|x86
		{DC7897BE-F482-4DC0-B413-8FE4586D951F}.Debug|x86.Build.0 = Debug|x86
		{DC7897BE-F482-4DC0-B413-8FE4586D951F}.Release|Any CPU.ActiveCfg = Release|Any CPU
		{DC7897BE-F482-4DC0-B413-8FE4586D951F}.Release|Any CPU.Build.0 = Release|Any CPU
		{DC7897BE-F482-4DC0-B413-8FE4586D951F}.Release|x64.ActiveCfg = Release|x64
		{DC7897BE-F482-4DC0-B413-8FE4586D951F}.Release|x64.Build.0 = Release|x64
		{DC7897BE-F482-4DC0-B413-8FE4586D951F}.Release|x86.ActiveCfg = Release|x86
		{DC7897BE-F482-4DC0-B413-8FE4586D951F}.Release|x86.Build.0 = Release|x86
		{7E976ED3-D807-45B2-B887-0BDF267594BB}.Debug|Any CPU.ActiveCfg = Debug|Any CPU
		{7E976ED3-D807-45B2-B887-0BDF267594BB}.Debug|Any CPU.Build.0 = Debug|Any CPU
		{7E976ED3-D807-45B2-B887-0BDF267594BB}.Debug|x64.ActiveCfg = Debug|x64
		{7E976ED3-D807-45B2-B887-0BDF267594BB}.Debug|x64.Build.0 = Debug|x64
		{7E976ED3-D807-45B2-B887-0BDF267594BB}.Debug|x86.ActiveCfg = Debug|x86
		{7E976ED3-D807-45B2-B887-0BDF267594BB}.Debug|x86.Build.0 = Debug|x86
		{7E976ED3-D807-45B2-B887-0BDF267594BB}.Release|Any CPU.ActiveCfg = Release|Any CPU
		{7E976ED3-D807-45B2-B887-0BDF267594BB}.Release|Any CPU.Build.0 = Release|Any CPU
		{7E976ED3-D807-45B2-B887-0BDF267594BB}.Release|x64.ActiveCfg = Release|x64
		{7E976ED3-D807-45B2-B887-0BDF267594BB}.Release|x64.Build.0 = Release|x64
		{7E976ED3-D807-45B2-B887-0BDF267594BB}.Release|x86.ActiveCfg = Release|x86
		{7E976ED3-D807-45B2-B887-0BDF267594BB}.Release|x86.Build.0 = Release|x86
		{4BEF119A-E3F5-490E-A8C5-99B3D2CB6553}.Debug|Any CPU.ActiveCfg = Debug|Any CPU
		{4BEF119A-E3F5-490E-A8C5-99B3D2CB6553}.Debug|Any CPU.Build.0 = Debug|Any CPU
		{4BEF119A-E3F5-490E-A8C5-99B3D2CB6553}.Debug|x64.ActiveCfg = Debug|x64
		{4BEF119A-E3F5-490E-A8C5-99B3D2CB6553}.Debug|x64.Build.0 = Debug|x64
		{4BEF119A-E3F5-490E-A8C5-99B3D2CB6553}.Debug|x86.ActiveCfg = Debug|x86
		{4BEF119A-E3F5-490E-A8C5-99B3D2CB6553}.Debug|x86.Build.0 = Debug|x86
		{4BEF119A-E3F5-490E-A8C5-99B3D2CB6553}.Release|Any CPU.ActiveCfg = Release|Any CPU
		{4BEF119A-E3F5-490E-A8C5-99B3D2CB6553}.Release|Any CPU.Build.0 = Release|Any CPU
		{4BEF119A-E3F5-490E-A8C5-99B3D2CB6553}.Release|x64.ActiveCfg = Release|x64
		{4BEF119A-E3F5-490E-A8C5-99B3D2CB6553}.Release|x64.Build.0 = Release|x64
		{4BEF119A-E3F5-490E-A8C5-99B3D2CB6553}.Release|x86.ActiveCfg = Release|Any CPU
		{4BEF119A-E3F5-490E-A8C5-99B3D2CB6553}.Release|x86.Build.0 = Release|Any CPU
		{544C0486-A002-40AC-9000-66E3E966237E}.Debug|Any CPU.ActiveCfg = Debug|Any CPU
		{544C0486-A002-40AC-9000-66E3E966237E}.Debug|Any CPU.Build.0 = Debug|Any CPU
		{544C0486-A002-40AC-9000-66E3E966237E}.Debug|x64.ActiveCfg = Debug|x64
		{544C0486-A002-40AC-9000-66E3E966237E}.Debug|x64.Build.0 = Debug|x64
		{544C0486-A002-40AC-9000-66E3E966237E}.Debug|x86.ActiveCfg = Debug|x86
		{544C0486-A002-40AC-9000-66E3E966237E}.Debug|x86.Build.0 = Debug|x86
		{544C0486-A002-40AC-9000-66E3E966237E}.Release|Any CPU.ActiveCfg = Release|Any CPU
		{544C0486-A002-40AC-9000-66E3E966237E}.Release|Any CPU.Build.0 = Release|Any CPU
		{544C0486-A002-40AC-9000-66E3E966237E}.Release|x64.ActiveCfg = Release|x64
		{544C0486-A002-40AC-9000-66E3E966237E}.Release|x64.Build.0 = Release|x64
		{544C0486-A002-40AC-9000-66E3E966237E}.Release|x86.ActiveCfg = Release|Any CPU
		{544C0486-A002-40AC-9000-66E3E966237E}.Release|x86.Build.0 = Release|Any CPU
		{488EEC75-534D-4289-B508-D51D4ED4A06A}.Debug|Any CPU.ActiveCfg = Debug|Any CPU
		{488EEC75-534D-4289-B508-D51D4ED4A06A}.Debug|Any CPU.Build.0 = Debug|Any CPU
		{488EEC75-534D-4289-B508-D51D4ED4A06A}.Debug|x64.ActiveCfg = Debug|x64
		{488EEC75-534D-4289-B508-D51D4ED4A06A}.Debug|x64.Build.0 = Debug|x64
		{488EEC75-534D-4289-B508-D51D4ED4A06A}.Debug|x86.ActiveCfg = Debug|x86
		{488EEC75-534D-4289-B508-D51D4ED4A06A}.Debug|x86.Build.0 = Debug|x86
		{488EEC75-534D-4289-B508-D51D4ED4A06A}.Release|Any CPU.ActiveCfg = Release|Any CPU
		{488EEC75-534D-4289-B508-D51D4ED4A06A}.Release|Any CPU.Build.0 = Release|Any CPU
		{488EEC75-534D-4289-B508-D51D4ED4A06A}.Release|x64.ActiveCfg = Release|x64
		{488EEC75-534D-4289-B508-D51D4ED4A06A}.Release|x64.Build.0 = Release|x64
		{488EEC75-534D-4289-B508-D51D4ED4A06A}.Release|x86.ActiveCfg = Release|Any CPU
		{488EEC75-534D-4289-B508-D51D4ED4A06A}.Release|x86.Build.0 = Release|Any CPU
		{B79482FB-53AF-4CDF-A4D5-1314307A73B9}.Debug|Any CPU.ActiveCfg = Debug|Any CPU
		{B79482FB-53AF-4CDF-A4D5-1314307A73B9}.Debug|Any CPU.Build.0 = Debug|Any CPU
		{B79482FB-53AF-4CDF-A4D5-1314307A73B9}.Debug|x64.ActiveCfg = Debug|x64
		{B79482FB-53AF-4CDF-A4D5-1314307A73B9}.Debug|x64.Build.0 = Debug|x64
		{B79482FB-53AF-4CDF-A4D5-1314307A73B9}.Debug|x86.ActiveCfg = Debug|x86
		{B79482FB-53AF-4CDF-A4D5-1314307A73B9}.Debug|x86.Build.0 = Debug|x86
		{B79482FB-53AF-4CDF-A4D5-1314307A73B9}.Release|Any CPU.ActiveCfg = Release|Any CPU
		{B79482FB-53AF-4CDF-A4D5-1314307A73B9}.Release|Any CPU.Build.0 = Release|Any CPU
		{B79482FB-53AF-4CDF-A4D5-1314307A73B9}.Release|x64.ActiveCfg = Release|x64
		{B79482FB-53AF-4CDF-A4D5-1314307A73B9}.Release|x64.Build.0 = Release|x64
		{B79482FB-53AF-4CDF-A4D5-1314307A73B9}.Release|x86.ActiveCfg = Release|Any CPU
		{B79482FB-53AF-4CDF-A4D5-1314307A73B9}.Release|x86.Build.0 = Release|Any CPU
		{BB141514-40DD-4495-8457-DEC3833BBBCD}.Debug|Any CPU.ActiveCfg = Debug|Any CPU
		{BB141514-40DD-4495-8457-DEC3833BBBCD}.Debug|Any CPU.Build.0 = Debug|Any CPU
		{BB141514-40DD-4495-8457-DEC3833BBBCD}.Debug|x64.ActiveCfg = Debug|x64
		{BB141514-40DD-4495-8457-DEC3833BBBCD}.Debug|x64.Build.0 = Debug|x64
		{BB141514-40DD-4495-8457-DEC3833BBBCD}.Debug|x86.ActiveCfg = Debug|x86
		{BB141514-40DD-4495-8457-DEC3833BBBCD}.Debug|x86.Build.0 = Debug|x86
		{BB141514-40DD-4495-8457-DEC3833BBBCD}.Release|Any CPU.ActiveCfg = Release|Any CPU
		{BB141514-40DD-4495-8457-DEC3833BBBCD}.Release|Any CPU.Build.0 = Release|Any CPU
		{BB141514-40DD-4495-8457-DEC3833BBBCD}.Release|x64.ActiveCfg = Release|x64
		{BB141514-40DD-4495-8457-DEC3833BBBCD}.Release|x64.Build.0 = Release|x64
		{BB141514-40DD-4495-8457-DEC3833BBBCD}.Release|x86.ActiveCfg = Release|Any CPU
		{BB141514-40DD-4495-8457-DEC3833BBBCD}.Release|x86.Build.0 = Release|Any CPU
		{955D4B08-1470-4D4E-A8C1-6A3BD8893B9C}.Debug|Any CPU.ActiveCfg = Debug|Any CPU
		{955D4B08-1470-4D4E-A8C1-6A3BD8893B9C}.Debug|Any CPU.Build.0 = Debug|Any CPU
		{955D4B08-1470-4D4E-A8C1-6A3BD8893B9C}.Debug|x64.ActiveCfg = Debug|x64
		{955D4B08-1470-4D4E-A8C1-6A3BD8893B9C}.Debug|x64.Build.0 = Debug|x64
		{955D4B08-1470-4D4E-A8C1-6A3BD8893B9C}.Debug|x86.ActiveCfg = Debug|x86
		{955D4B08-1470-4D4E-A8C1-6A3BD8893B9C}.Debug|x86.Build.0 = Debug|x86
		{955D4B08-1470-4D4E-A8C1-6A3BD8893B9C}.Release|Any CPU.ActiveCfg = Release|Any CPU
		{955D4B08-1470-4D4E-A8C1-6A3BD8893B9C}.Release|Any CPU.Build.0 = Release|Any CPU
		{955D4B08-1470-4D4E-A8C1-6A3BD8893B9C}.Release|x64.ActiveCfg = Release|x64
		{955D4B08-1470-4D4E-A8C1-6A3BD8893B9C}.Release|x64.Build.0 = Release|x64
		{955D4B08-1470-4D4E-A8C1-6A3BD8893B9C}.Release|x86.ActiveCfg = Release|x86
		{955D4B08-1470-4D4E-A8C1-6A3BD8893B9C}.Release|x86.Build.0 = Release|x86
	EndGlobalSection
	GlobalSection(SolutionProperties) = preSolution
		HideSolutionNode = FALSE
	EndGlobalSection
	GlobalSection(ExtensibilityGlobals) = postSolution
		SolutionGuid = {2D98A5D6-78A7-4D5C-A587-DA357C2AECBA}
	EndGlobalSection
EndGlobal
