
Microsoft Visual Studio Solution File, Format Version 12.00
# Visual Studio 15
VisualStudioVersion = 15.0.28307.539
MinimumVisualStudioVersion = 10.0.40219.1
Project("{F184B08F-C81C-45F6-A57F-5ABD9991F28F}") = "GetProfiles_Callback", "GetProfiles_Callback\GetProfiles_Callback.vbproj", "{4250C374-625D-4660-B2D4-B2857FE4B6B9}"
EndProject
Project("{F184B08F-C81C-45F6-A57F-5ABD9991F28F}") = "GetProfiles_Poll", "GetProfiles_Poll\GetProfiles_Poll.vbproj", "{5829A874-2465-4E19-84C2-892FA764E11C}"
EndProject
Project("{F184B08F-C81C-45F6-A57F-5ABD9991F28F}") = "ContainerMode", "ContainerMode\ContainerMode.vbproj", "{83BF2203-CBFF-453B-9CD0-1EDC8501137B}"
EndProject
Project("{F184B08F-C81C-45F6-A57F-5ABD9991F28F}") = "TriggerProfile", "TriggerProfile\TriggerProfile.vbproj", "{25260DAA-B206-4A20-BEBD-84D9D3942BB1}"
EndProject
Project("{F184B08F-C81C-45F6-A57F-5ABD9991F28F}") = "LoadSave", "LoadSave\LoadSave.vbproj", "{6405988A-5216-46F7-85C4-1E2F70A0C1A7}"
EndProject
Project("{F184B08F-C81C-45F6-A57F-5ABD9991F28F}") = "Calibration", "Calibration\Calibration.vbproj", "{27573058-5273-404E-95DB-AB19D6DD49A5}"
EndProject
Project("{F184B08F-C81C-45F6-A57F-5ABD9991F28F}") = "MultiLLT", "MultiLLT\MultiLLT.vbproj", "{C6471037-BD3A-4423-AEEA-0C173581FF7B}"
EndProject
Project("{F184B08F-C81C-45F6-A57F-5ABD9991F28F}") = "PartialProfile", "PartialProfile\PartialProfile.vbproj", "{B6B2B87F-E5E7-43CA-87B8-3B8951545D72}"
EndProject
Project("{F184B08F-C81C-45F6-A57F-5ABD9991F28F}") = "SetROIs", "SetROIs\SetROIs.vbproj", "{5CE47760-F39E-4E28-A878-B2EBD987ACFD}"
EndProject
Project("{F184B08F-C81C-45F6-A57F-5ABD9991F28F}") = "TriggerContainer", "TriggerContainer\TriggerContainer.vbproj", "{F304A5A0-845C-47D8-994D-B1E84A568854}"
EndProject
Project("{F184B08F-C81C-45F6-A57F-5ABD9991F28F}") = "VideoMode", "VideoMode\VideoMode.vbproj", "{9B2851D6-A6B0-4F2E-AC50-7EEDE0A52667}"
EndProject
Project("{F184B08F-C81C-45F6-A57F-5ABD9991F28F}") = "Multishot", "Multishot\Multishot.vbproj", "{4B97A9DD-F712-4163-A669-9D8B7F84B8B1}"
EndProject
Project("{F184B08F-C81C-45F6-A57F-5ABD9991F28F}") = "sC30xx_HighSpeed", "sC30xx_HighSpeed\sC30xx_HighSpeed.vbproj", "{EF0DED7F-E6E4-4A1A-B49A-D5FDF05B7447}"
EndProject
Project("{F184B08F-C81C-45F6-A57F-5ABD9991F28F}") = "RegisterErrorMessageWPF", "RegisterErrorMessageWPF\RegisterErrorMessageWPF.vbproj", "{B9F8BC9F-4FCD-4C46-82B0-CFAB157B3B7D}"
EndProject
Project("{F184B08F-C81C-45F6-A57F-5ABD9991F28F}") = "ReadPPPResults", "ReadPPPResults\ReadPPPResults.vbproj", "{E76AF148-7BAD-46FE-ADEF-C6A3451FC68E}"
EndProject
Project("{F184B08F-C81C-45F6-A57F-5ABD9991F28F}") = "LLTPeakFilter", "LLTPeakFilter\LLTPeakFilter.vbproj", "{4CD63E83-B3B9-45C8-8A55-E4C0B2312865}"
EndProject
Project("{F184B08F-C81C-45F6-A57F-5ABD9991F28F}") = "CMMTrigger", "CMMTrigger\CMMTrigger.vbproj", "{73E99826-419E-4977-AFEE-DB3736974E00}"
EndProject
Global
	GlobalSection(SolutionConfigurationPlatforms) = preSolution
		Debug|Any CPU = Debug|Any CPU
		Debug|Mixed Platforms = Debug|Mixed Platforms
		Debug|x64 = Debug|x64
		Debug|x86 = Debug|x86
		Release|Any CPU = Release|Any CPU
		Release|Mixed Platforms = Release|Mixed Platforms
		Release|x64 = Release|x64
		Release|x86 = Release|x86
	EndGlobalSection
	GlobalSection(ProjectConfigurationPlatforms) = postSolution
		{4250C374-625D-4660-B2D4-B2857FE4B6B9}.Debug|Any CPU.ActiveCfg = Debug|Any CPU
		{4250C374-625D-4660-B2D4-B2857FE4B6B9}.Debug|Any CPU.Build.0 = Debug|Any CPU
		{4250C374-625D-4660-B2D4-B2857FE4B6B9}.Debug|Mixed Platforms.ActiveCfg = Debug|x86
		{4250C374-625D-4660-B2D4-B2857FE4B6B9}.Debug|Mixed Platforms.Build.0 = Debug|x86
		{4250C374-625D-4660-B2D4-B2857FE4B6B9}.Debug|x64.ActiveCfg = Debug|x64
		{4250C374-625D-4660-B2D4-B2857FE4B6B9}.Debug|x64.Build.0 = Debug|x64
		{4250C374-625D-4660-B2D4-B2857FE4B6B9}.Debug|x86.ActiveCfg = Debug|x86
		{4250C374-625D-4660-B2D4-B2857FE4B6B9}.Debug|x86.Build.0 = Debug|x86
		{4250C374-625D-4660-B2D4-B2857FE4B6B9}.Release|Any CPU.ActiveCfg = Release|Any CPU
		{4250C374-625D-4660-B2D4-B2857FE4B6B9}.Release|Any CPU.Build.0 = Release|Any CPU
		{4250C374-625D-4660-B2D4-B2857FE4B6B9}.Release|Mixed Platforms.ActiveCfg = Release|x86
		{4250C374-625D-4660-B2D4-B2857FE4B6B9}.Release|Mixed Platforms.Build.0 = Release|x86
		{4250C374-625D-4660-B2D4-B2857FE4B6B9}.Release|x64.ActiveCfg = Release|x64
		{4250C374-625D-4660-B2D4-B2857FE4B6B9}.Release|x64.Build.0 = Release|x64
		{4250C374-625D-4660-B2D4-B2857FE4B6B9}.Release|x86.ActiveCfg = Release|x86
		{4250C374-625D-4660-B2D4-B2857FE4B6B9}.Release|x86.Build.0 = Release|x86
		{5829A874-2465-4E19-84C2-892FA764E11C}.Debug|Any CPU.ActiveCfg = Debug|Any CPU
		{5829A874-2465-4E19-84C2-892FA764E11C}.Debug|Any CPU.Build.0 = Debug|Any CPU
		{5829A874-2465-4E19-84C2-892FA764E11C}.Debug|Mixed Platforms.ActiveCfg = Debug|x86
		{5829A874-2465-4E19-84C2-892FA764E11C}.Debug|Mixed Platforms.Build.0 = Debug|x86
		{5829A874-2465-4E19-84C2-892FA764E11C}.Debug|x64.ActiveCfg = Debug|x64
		{5829A874-2465-4E19-84C2-892FA764E11C}.Debug|x64.Build.0 = Debug|x64
		{5829A874-2465-4E19-84C2-892FA764E11C}.Debug|x86.ActiveCfg = Debug|x86
		{5829A874-2465-4E19-84C2-892FA764E11C}.Debug|x86.Build.0 = Debug|x86
		{5829A874-2465-4E19-84C2-892FA764E11C}.Release|Any CPU.ActiveCfg = Release|Any CPU
		{5829A874-2465-4E19-84C2-892FA764E11C}.Release|Any CPU.Build.0 = Release|Any CPU
		{5829A874-2465-4E19-84C2-892FA764E11C}.Release|Mixed Platforms.ActiveCfg = Release|x86
		{5829A874-2465-4E19-84C2-892FA764E11C}.Release|Mixed Platforms.Build.0 = Release|x86
		{5829A874-2465-4E19-84C2-892FA764E11C}.Release|x64.ActiveCfg = Release|x64
		{5829A874-2465-4E19-84C2-892FA764E11C}.Release|x64.Build.0 = Release|x64
		{5829A874-2465-4E19-84C2-892FA764E11C}.Release|x86.ActiveCfg = Release|x86
		{5829A874-2465-4E19-84C2-892FA764E11C}.Release|x86.Build.0 = Release|x86
		{83BF2203-CBFF-453B-9CD0-1EDC8501137B}.Debug|Any CPU.ActiveCfg = Debug|Any CPU
		{83BF2203-CBFF-453B-9CD0-1EDC8501137B}.Debug|Any CPU.Build.0 = Debug|Any CPU
		{83BF2203-CBFF-453B-9CD0-1EDC8501137B}.Debug|Mixed Platforms.ActiveCfg = Debug|x86
		{83BF2203-CBFF-453B-9CD0-1EDC8501137B}.Debug|Mixed Platforms.Build.0 = Debug|x86
		{83BF2203-CBFF-453B-9CD0-1EDC8501137B}.Debug|x64.ActiveCfg = Debug|x64
		{83BF2203-CBFF-453B-9CD0-1EDC8501137B}.Debug|x64.Build.0 = Debug|x64
		{83BF2203-CBFF-453B-9CD0-1EDC8501137B}.Debug|x86.ActiveCfg = Debug|x86
		{83BF2203-CBFF-453B-9CD0-1EDC8501137B}.Release|Any CPU.ActiveCfg = Release|Any CPU
		{83BF2203-CBFF-453B-9CD0-1EDC8501137B}.Release|Any CPU.Build.0 = Release|Any CPU
		{83BF2203-CBFF-453B-9CD0-1EDC8501137B}.Release|Mixed Platforms.ActiveCfg = Release|x86
		{83BF2203-CBFF-453B-9CD0-1EDC8501137B}.Release|Mixed Platforms.Build.0 = Release|x86
		{83BF2203-CBFF-453B-9CD0-1EDC8501137B}.Release|x64.ActiveCfg = Release|x64
		{83BF2203-CBFF-453B-9CD0-1EDC8501137B}.Release|x64.Build.0 = Release|x64
		{83BF2203-CBFF-453B-9CD0-1EDC8501137B}.Release|x86.ActiveCfg = Release|x86
		{83BF2203-CBFF-453B-9CD0-1EDC8501137B}.Release|x86.Build.0 = Release|x86
		{25260DAA-B206-4A20-BEBD-84D9D3942BB1}.Debug|Any CPU.ActiveCfg = Debug|Any CPU
		{25260DAA-B206-4A20-BEBD-84D9D3942BB1}.Debug|Any CPU.Build.0 = Debug|Any CPU
		{25260DAA-B206-4A20-BEBD-84D9D3942BB1}.Debug|Mixed Platforms.ActiveCfg = Debug|Any CPU
		{25260DAA-B206-4A20-BEBD-84D9D3942BB1}.Debug|Mixed Platforms.Build.0 = Debug|Any CPU
		{25260DAA-B206-4A20-BEBD-84D9D3942BB1}.Debug|x64.ActiveCfg = Debug|x64
		{25260DAA-B206-4A20-BEBD-84D9D3942BB1}.Debug|x64.Build.0 = Debug|x64
		{25260DAA-B206-4A20-BEBD-84D9D3942BB1}.Debug|x86.ActiveCfg = Debug|x86
		{25260DAA-B206-4A20-BEBD-84D9D3942BB1}.Debug|x86.Build.0 = Debug|x86
		{25260DAA-B206-4A20-BEBD-84D9D3942BB1}.Release|Any CPU.ActiveCfg = Release|Any CPU
		{25260DAA-B206-4A20-BEBD-84D9D3942BB1}.Release|Any CPU.Build.0 = Release|Any CPU
		{25260DAA-B206-4A20-BEBD-84D9D3942BB1}.Release|Mixed Platforms.ActiveCfg = Release|Any CPU
		{25260DAA-B206-4A20-BEBD-84D9D3942BB1}.Release|Mixed Platforms.Build.0 = Release|Any CPU
		{25260DAA-B206-4A20-BEBD-84D9D3942BB1}.Release|x64.ActiveCfg = Release|x64
		{25260DAA-B206-4A20-BEBD-84D9D3942BB1}.Release|x64.Build.0 = Release|x64
		{25260DAA-B206-4A20-BEBD-84D9D3942BB1}.Release|x86.ActiveCfg = Release|x86
		{25260DAA-B206-4A20-BEBD-84D9D3942BB1}.Release|x86.Build.0 = Release|x86
		{6405988A-5216-46F7-85C4-1E2F70A0C1A7}.Debug|Any CPU.ActiveCfg = Debug|Any CPU
		{6405988A-5216-46F7-85C4-1E2F70A0C1A7}.Debug|Any CPU.Build.0 = Debug|Any CPU
		{6405988A-5216-46F7-85C4-1E2F70A0C1A7}.Debug|Mixed Platforms.ActiveCfg = Debug|Any CPU
		{6405988A-5216-46F7-85C4-1E2F70A0C1A7}.Debug|Mixed Platforms.Build.0 = Debug|Any CPU
		{6405988A-5216-46F7-85C4-1E2F70A0C1A7}.Debug|x64.ActiveCfg = Debug|x64
		{6405988A-5216-46F7-85C4-1E2F70A0C1A7}.Debug|x64.Build.0 = Debug|x64
		{6405988A-5216-46F7-85C4-1E2F70A0C1A7}.Debug|x86.ActiveCfg = Debug|x86
		{6405988A-5216-46F7-85C4-1E2F70A0C1A7}.Debug|x86.Build.0 = Debug|x86
		{6405988A-5216-46F7-85C4-1E2F70A0C1A7}.Release|Any CPU.ActiveCfg = Release|Any CPU
		{6405988A-5216-46F7-85C4-1E2F70A0C1A7}.Release|Any CPU.Build.0 = Release|Any CPU
		{6405988A-5216-46F7-85C4-1E2F70A0C1A7}.Release|Mixed Platforms.ActiveCfg = Release|Any CPU
		{6405988A-5216-46F7-85C4-1E2F70A0C1A7}.Release|Mixed Platforms.Build.0 = Release|Any CPU
		{6405988A-5216-46F7-85C4-1E2F70A0C1A7}.Release|x64.ActiveCfg = Release|x64
		{6405988A-5216-46F7-85C4-1E2F70A0C1A7}.Release|x64.Build.0 = Release|x64
		{6405988A-5216-46F7-85C4-1E2F70A0C1A7}.Release|x86.ActiveCfg = Release|x86
		{6405988A-5216-46F7-85C4-1E2F70A0C1A7}.Release|x86.Build.0 = Release|x86
		{27573058-5273-404E-95DB-AB19D6DD49A5}.Debug|Any CPU.ActiveCfg = Debug|Any CPU
		{27573058-5273-404E-95DB-AB19D6DD49A5}.Debug|Any CPU.Build.0 = Debug|Any CPU
		{27573058-5273-404E-95DB-AB19D6DD49A5}.Debug|Mixed Platforms.ActiveCfg = Debug|Any CPU
		{27573058-5273-404E-95DB-AB19D6DD49A5}.Debug|Mixed Platforms.Build.0 = Debug|Any CPU
		{27573058-5273-404E-95DB-AB19D6DD49A5}.Debug|x64.ActiveCfg = Debug|x64
		{27573058-5273-404E-95DB-AB19D6DD49A5}.Debug|x64.Build.0 = Debug|x64
		{27573058-5273-404E-95DB-AB19D6DD49A5}.Debug|x86.ActiveCfg = Debug|x86
		{27573058-5273-404E-95DB-AB19D6DD49A5}.Debug|x86.Build.0 = Debug|x86
		{27573058-5273-404E-95DB-AB19D6DD49A5}.Release|Any CPU.ActiveCfg = Release|Any CPU
		{27573058-5273-404E-95DB-AB19D6DD49A5}.Release|Any CPU.Build.0 = Release|Any CPU
		{27573058-5273-404E-95DB-AB19D6DD49A5}.Release|Mixed Platforms.ActiveCfg = Release|Any CPU
		{27573058-5273-404E-95DB-AB19D6DD49A5}.Release|Mixed Platforms.Build.0 = Release|Any CPU
		{27573058-5273-404E-95DB-AB19D6DD49A5}.Release|x64.ActiveCfg = Release|x64
		{27573058-5273-404E-95DB-AB19D6DD49A5}.Release|x64.Build.0 = Release|x64
		{27573058-5273-404E-95DB-AB19D6DD49A5}.Release|x86.ActiveCfg = Release|x86
		{27573058-5273-404E-95DB-AB19D6DD49A5}.Release|x86.Build.0 = Release|x86
		{C6471037-BD3A-4423-AEEA-0C173581FF7B}.Debug|Any CPU.ActiveCfg = Debug|Any CPU
		{C6471037-BD3A-4423-AEEA-0C173581FF7B}.Debug|Any CPU.Build.0 = Debug|Any CPU
		{C6471037-BD3A-4423-AEEA-0C173581FF7B}.Debug|Mixed Platforms.ActiveCfg = Debug|Any CPU
		{C6471037-BD3A-4423-AEEA-0C173581FF7B}.Debug|Mixed Platforms.Build.0 = Debug|Any CPU
		{C6471037-BD3A-4423-AEEA-0C173581FF7B}.Debug|x64.ActiveCfg = Debug|x64
		{C6471037-BD3A-4423-AEEA-0C173581FF7B}.Debug|x64.Build.0 = Debug|x64
		{C6471037-BD3A-4423-AEEA-0C173581FF7B}.Debug|x86.ActiveCfg = Debug|x86
		{C6471037-BD3A-4423-AEEA-0C173581FF7B}.Debug|x86.Build.0 = Debug|x86
		{C6471037-BD3A-4423-AEEA-0C173581FF7B}.Release|Any CPU.ActiveCfg = Release|Any CPU
		{C6471037-BD3A-4423-AEEA-0C173581FF7B}.Release|Any CPU.Build.0 = Release|Any CPU
		{C6471037-BD3A-4423-AEEA-0C173581FF7B}.Release|Mixed Platforms.ActiveCfg = Release|Any CPU
		{C6471037-BD3A-4423-AEEA-0C173581FF7B}.Release|Mixed Platforms.Build.0 = Release|Any CPU
		{C6471037-BD3A-4423-AEEA-0C173581FF7B}.Release|x64.ActiveCfg = Release|x64
		{C6471037-BD3A-4423-AEEA-0C173581FF7B}.Release|x64.Build.0 = Release|x64
		{C6471037-BD3A-4423-AEEA-0C173581FF7B}.Release|x86.ActiveCfg = Release|x86
		{C6471037-BD3A-4423-AEEA-0C173581FF7B}.Release|x86.Build.0 = Release|x86
		{B6B2B87F-E5E7-43CA-87B8-3B8951545D72}.Debug|Any CPU.ActiveCfg = Debug|Any CPU
		{B6B2B87F-E5E7-43CA-87B8-3B8951545D72}.Debug|Any CPU.Build.0 = Debug|Any CPU
		{B6B2B87F-E5E7-43CA-87B8-3B8951545D72}.Debug|Mixed Platforms.ActiveCfg = Debug|Any CPU
		{B6B2B87F-E5E7-43CA-87B8-3B8951545D72}.Debug|Mixed Platforms.Build.0 = Debug|Any CPU
		{B6B2B87F-E5E7-43CA-87B8-3B8951545D72}.Debug|x64.ActiveCfg = Debug|x64
		{B6B2B87F-E5E7-43CA-87B8-3B8951545D72}.Debug|x64.Build.0 = Debug|x64
		{B6B2B87F-E5E7-43CA-87B8-3B8951545D72}.Debug|x86.ActiveCfg = Debug|x86
		{B6B2B87F-E5E7-43CA-87B8-3B8951545D72}.Debug|x86.Build.0 = Debug|x86
		{B6B2B87F-E5E7-43CA-87B8-3B8951545D72}.Release|Any CPU.ActiveCfg = Release|Any CPU
		{B6B2B87F-E5E7-43CA-87B8-3B8951545D72}.Release|Any CPU.Build.0 = Release|Any CPU
		{B6B2B87F-E5E7-43CA-87B8-3B8951545D72}.Release|Mixed Platforms.ActiveCfg = Release|Any CPU
		{B6B2B87F-E5E7-43CA-87B8-3B8951545D72}.Release|Mixed Platforms.Build.0 = Release|Any CPU
		{B6B2B87F-E5E7-43CA-87B8-3B8951545D72}.Release|x64.ActiveCfg = Release|x64
		{B6B2B87F-E5E7-43CA-87B8-3B8951545D72}.Release|x64.Build.0 = Release|x64
		{B6B2B87F-E5E7-43CA-87B8-3B8951545D72}.Release|x86.ActiveCfg = Release|x86
		{B6B2B87F-E5E7-43CA-87B8-3B8951545D72}.Release|x86.Build.0 = Release|x86
		{5CE47760-F39E-4E28-A878-B2EBD987ACFD}.Debug|Any CPU.ActiveCfg = Debug|Any CPU
		{5CE47760-F39E-4E28-A878-B2EBD987ACFD}.Debug|Any CPU.Build.0 = Debug|Any CPU
		{5CE47760-F39E-4E28-A878-B2EBD987ACFD}.Debug|Mixed Platforms.ActiveCfg = Debug|Any CPU
		{5CE47760-F39E-4E28-A878-B2EBD987ACFD}.Debug|Mixed Platforms.Build.0 = Debug|Any CPU
		{5CE47760-F39E-4E28-A878-B2EBD987ACFD}.Debug|x64.ActiveCfg = Debug|x64
		{5CE47760-F39E-4E28-A878-B2EBD987ACFD}.Debug|x64.Build.0 = Debug|x64
		{5CE47760-F39E-4E28-A878-B2EBD987ACFD}.Debug|x86.ActiveCfg = Debug|x86
		{5CE47760-F39E-4E28-A878-B2EBD987ACFD}.Debug|x86.Build.0 = Debug|x86
		{5CE47760-F39E-4E28-A878-B2EBD987ACFD}.Release|Any CPU.ActiveCfg = Release|Any CPU
		{5CE47760-F39E-4E28-A878-B2EBD987ACFD}.Release|Any CPU.Build.0 = Release|Any CPU
		{5CE47760-F39E-4E28-A878-B2EBD987ACFD}.Release|Mixed Platforms.ActiveCfg = Release|Any CPU
		{5CE47760-F39E-4E28-A878-B2EBD987ACFD}.Release|Mixed Platforms.Build.0 = Release|Any CPU
		{5CE47760-F39E-4E28-A878-B2EBD987ACFD}.Release|x64.ActiveCfg = Release|x64
		{5CE47760-F39E-4E28-A878-B2EBD987ACFD}.Release|x64.Build.0 = Release|x64
		{5CE47760-F39E-4E28-A878-B2EBD987ACFD}.Release|x86.ActiveCfg = Release|x86
		{5CE47760-F39E-4E28-A878-B2EBD987ACFD}.Release|x86.Build.0 = Release|x86
		{F304A5A0-845C-47D8-994D-B1E84A568854}.Debug|Any CPU.ActiveCfg = Debug|Any CPU
		{F304A5A0-845C-47D8-994D-B1E84A568854}.Debug|Any CPU.Build.0 = Debug|Any CPU
		{F304A5A0-845C-47D8-994D-B1E84A568854}.Debug|Mixed Platforms.ActiveCfg = Debug|Any CPU
		{F304A5A0-845C-47D8-994D-B1E84A568854}.Debug|Mixed Platforms.Build.0 = Debug|Any CPU
		{F304A5A0-845C-47D8-994D-B1E84A568854}.Debug|x64.ActiveCfg = Debug|x64
		{F304A5A0-845C-47D8-994D-B1E84A568854}.Debug|x64.Build.0 = Debug|x64
		{F304A5A0-845C-47D8-994D-B1E84A568854}.Debug|x86.ActiveCfg = Debug|x86
		{F304A5A0-845C-47D8-994D-B1E84A568854}.Debug|x86.Build.0 = Debug|x86
		{F304A5A0-845C-47D8-994D-B1E84A568854}.Release|Any CPU.ActiveCfg = Release|Any CPU
		{F304A5A0-845C-47D8-994D-B1E84A568854}.Release|Any CPU.Build.0 = Release|Any CPU
		{F304A5A0-845C-47D8-994D-B1E84A568854}.Release|Mixed Platforms.ActiveCfg = Release|Any CPU
		{F304A5A0-845C-47D8-994D-B1E84A568854}.Release|Mixed Platforms.Build.0 = Release|Any CPU
		{F304A5A0-845C-47D8-994D-B1E84A568854}.Release|x64.ActiveCfg = Release|x64
		{F304A5A0-845C-47D8-994D-B1E84A568854}.Release|x64.Build.0 = Release|x64
		{F304A5A0-845C-47D8-994D-B1E84A568854}.Release|x86.ActiveCfg = Release|x86
		{F304A5A0-845C-47D8-994D-B1E84A568854}.Release|x86.Build.0 = Release|x86
		{9B2851D6-A6B0-4F2E-AC50-7EEDE0A52667}.Debug|Any CPU.ActiveCfg = Debug|Any CPU
		{9B2851D6-A6B0-4F2E-AC50-7EEDE0A52667}.Debug|Any CPU.Build.0 = Debug|Any CPU
		{9B2851D6-A6B0-4F2E-AC50-7EEDE0A52667}.Debug|Mixed Platforms.ActiveCfg = Debug|Any CPU
		{9B2851D6-A6B0-4F2E-AC50-7EEDE0A52667}.Debug|Mixed Platforms.Build.0 = Debug|Any CPU
		{9B2851D6-A6B0-4F2E-AC50-7EEDE0A52667}.Debug|x64.ActiveCfg = Debug|x64
		{9B2851D6-A6B0-4F2E-AC50-7EEDE0A52667}.Debug|x64.Build.0 = Debug|x64
		{9B2851D6-A6B0-4F2E-AC50-7EEDE0A52667}.Debug|x86.ActiveCfg = Debug|x86
		{9B2851D6-A6B0-4F2E-AC50-7EEDE0A52667}.Debug|x86.Build.0 = Debug|x86
		{9B2851D6-A6B0-4F2E-AC50-7EEDE0A52667}.Release|Any CPU.ActiveCfg = Release|Any CPU
		{9B2851D6-A6B0-4F2E-AC50-7EEDE0A52667}.Release|Any CPU.Build.0 = Release|Any CPU
		{9B2851D6-A6B0-4F2E-AC50-7EEDE0A52667}.Release|Mixed Platforms.ActiveCfg = Release|Any CPU
		{9B2851D6-A6B0-4F2E-AC50-7EEDE0A52667}.Release|Mixed Platforms.Build.0 = Release|Any CPU
		{9B2851D6-A6B0-4F2E-AC50-7EEDE0A52667}.Release|x64.ActiveCfg = Release|x64
		{9B2851D6-A6B0-4F2E-AC50-7EEDE0A52667}.Release|x64.Build.0 = Release|x64
		{9B2851D6-A6B0-4F2E-AC50-7EEDE0A52667}.Release|x86.ActiveCfg = Release|x86
		{9B2851D6-A6B0-4F2E-AC50-7EEDE0A52667}.Release|x86.Build.0 = Release|x86
		{4B97A9DD-F712-4163-A669-9D8B7F84B8B1}.Debug|Any CPU.ActiveCfg = Debug|Any CPU
		{4B97A9DD-F712-4163-A669-9D8B7F84B8B1}.Debug|Any CPU.Build.0 = Debug|Any CPU
		{4B97A9DD-F712-4163-A669-9D8B7F84B8B1}.Debug|Mixed Platforms.ActiveCfg = Debug|Any CPU
		{4B97A9DD-F712-4163-A669-9D8B7F84B8B1}.Debug|Mixed Platforms.Build.0 = Debug|Any CPU
		{4B97A9DD-F712-4163-A669-9D8B7F84B8B1}.Debug|x64.ActiveCfg = Debug|x64
		{4B97A9DD-F712-4163-A669-9D8B7F84B8B1}.Debug|x64.Build.0 = Debug|x64
		{4B97A9DD-F712-4163-A669-9D8B7F84B8B1}.Debug|x86.ActiveCfg = Debug|x86
		{4B97A9DD-F712-4163-A669-9D8B7F84B8B1}.Debug|x86.Build.0 = Debug|x86
		{4B97A9DD-F712-4163-A669-9D8B7F84B8B1}.Release|Any CPU.ActiveCfg = Release|Any CPU
		{4B97A9DD-F712-4163-A669-9D8B7F84B8B1}.Release|Any CPU.Build.0 = Release|Any CPU
		{4B97A9DD-F712-4163-A669-9D8B7F84B8B1}.Release|Mixed Platforms.ActiveCfg = Release|Any CPU
		{4B97A9DD-F712-4163-A669-9D8B7F84B8B1}.Release|Mixed Platforms.Build.0 = Release|Any CPU
		{4B97A9DD-F712-4163-A669-9D8B7F84B8B1}.Release|x64.ActiveCfg = Release|x64
		{4B97A9DD-F712-4163-A669-9D8B7F84B8B1}.Release|x64.Build.0 = Release|x64
		{4B97A9DD-F712-4163-A669-9D8B7F84B8B1}.Release|x86.ActiveCfg = Release|x86
		{4B97A9DD-F712-4163-A669-9D8B7F84B8B1}.Release|x86.Build.0 = Release|x86
		{EF0DED7F-E6E4-4A1A-B49A-D5FDF05B7447}.Debug|Any CPU.ActiveCfg = Debug|Any CPU
		{EF0DED7F-E6E4-4A1A-B49A-D5FDF05B7447}.Debug|Any CPU.Build.0 = Debug|Any CPU
		{EF0DED7F-E6E4-4A1A-B49A-D5FDF05B7447}.Debug|Mixed Platforms.ActiveCfg = Debug|Any CPU
		{EF0DED7F-E6E4-4A1A-B49A-D5FDF05B7447}.Debug|Mixed Platforms.Build.0 = Debug|Any CPU
		{EF0DED7F-E6E4-4A1A-B49A-D5FDF05B7447}.Debug|x64.ActiveCfg = Debug|x64
		{EF0DED7F-E6E4-4A1A-B49A-D5FDF05B7447}.Debug|x64.Build.0 = Debug|x64
		{EF0DED7F-E6E4-4A1A-B49A-D5FDF05B7447}.Debug|x86.ActiveCfg = Debug|x86
		{EF0DED7F-E6E4-4A1A-B49A-D5FDF05B7447}.Debug|x86.Build.0 = Debug|x86
		{EF0DED7F-E6E4-4A1A-B49A-D5FDF05B7447}.Release|Any CPU.ActiveCfg = Release|Any CPU
		{EF0DED7F-E6E4-4A1A-B49A-D5FDF05B7447}.Release|Any CPU.Build.0 = Release|Any CPU
		{EF0DED7F-E6E4-4A1A-B49A-D5FDF05B7447}.Release|Mixed Platforms.ActiveCfg = Release|Any CPU
		{EF0DED7F-E6E4-4A1A-B49A-D5FDF05B7447}.Release|Mixed Platforms.Build.0 = Release|Any CPU
		{EF0DED7F-E6E4-4A1A-B49A-D5FDF05B7447}.Release|x64.ActiveCfg = Release|x64
		{EF0DED7F-E6E4-4A1A-B49A-D5FDF05B7447}.Release|x64.Build.0 = Release|x64
		{EF0DED7F-E6E4-4A1A-B49A-D5FDF05B7447}.Release|x86.ActiveCfg = Release|x86
		{EF0DED7F-E6E4-4A1A-B49A-D5FDF05B7447}.Release|x86.Build.0 = Release|x86
		{B9F8BC9F-4FCD-4C46-82B0-CFAB157B3B7D}.Debug|Any CPU.ActiveCfg = Debug|Any CPU
		{B9F8BC9F-4FCD-4C46-82B0-CFAB157B3B7D}.Debug|Any CPU.Build.0 = Debug|Any CPU
		{B9F8BC9F-4FCD-4C46-82B0-CFAB157B3B7D}.Debug|Mixed Platforms.ActiveCfg = Debug|Any CPU
		{B9F8BC9F-4FCD-4C46-82B0-CFAB157B3B7D}.Debug|Mixed Platforms.Build.0 = Debug|Any CPU
		{B9F8BC9F-4FCD-4C46-82B0-CFAB157B3B7D}.Debug|x64.ActiveCfg = Debug|x64
		{B9F8BC9F-4FCD-4C46-82B0-CFAB157B3B7D}.Debug|x64.Build.0 = Debug|x64
		{B9F8BC9F-4FCD-4C46-82B0-CFAB157B3B7D}.Debug|x86.ActiveCfg = Debug|x86
		{B9F8BC9F-4FCD-4C46-82B0-CFAB157B3B7D}.Debug|x86.Build.0 = Debug|x86
		{B9F8BC9F-4FCD-4C46-82B0-CFAB157B3B7D}.Release|Any CPU.ActiveCfg = Release|Any CPU
		{B9F8BC9F-4FCD-4C46-82B0-CFAB157B3B7D}.Release|Any CPU.Build.0 = Release|Any CPU
		{B9F8BC9F-4FCD-4C46-82B0-CFAB157B3B7D}.Release|Mixed Platforms.ActiveCfg = Release|Any CPU
		{B9F8BC9F-4FCD-4C46-82B0-CFAB157B3B7D}.Release|Mixed Platforms.Build.0 = Release|Any CPU
		{B9F8BC9F-4FCD-4C46-82B0-CFAB157B3B7D}.Release|x64.ActiveCfg = Release|x64
		{B9F8BC9F-4FCD-4C46-82B0-CFAB157B3B7D}.Release|x64.Build.0 = Release|x64
		{B9F8BC9F-4FCD-4C46-82B0-CFAB157B3B7D}.Release|x86.ActiveCfg = Release|x86
		{B9F8BC9F-4FCD-4C46-82B0-CFAB157B3B7D}.Release|x86.Build.0 = Release|x86
		{E76AF148-7BAD-46FE-ADEF-C6A3451FC68E}.Debug|Any CPU.ActiveCfg = Debug|Any CPU
		{E76AF148-7BAD-46FE-ADEF-C6A3451FC68E}.Debug|Any CPU.Build.0 = Debug|Any CPU
		{E76AF148-7BAD-46FE-ADEF-C6A3451FC68E}.Debug|Mixed Platforms.ActiveCfg = Debug|Any CPU
		{E76AF148-7BAD-46FE-ADEF-C6A3451FC68E}.Debug|Mixed Platforms.Build.0 = Debug|Any CPU
		{E76AF148-7BAD-46FE-ADEF-C6A3451FC68E}.Debug|x64.ActiveCfg = Debug|x64
		{E76AF148-7BAD-46FE-ADEF-C6A3451FC68E}.Debug|x64.Build.0 = Debug|x64
		{E76AF148-7BAD-46FE-ADEF-C6A3451FC68E}.Debug|x86.ActiveCfg = Debug|x86
		{E76AF148-7BAD-46FE-ADEF-C6A3451FC68E}.Debug|x86.Build.0 = Debug|x86
		{E76AF148-7BAD-46FE-ADEF-C6A3451FC68E}.Release|Any CPU.ActiveCfg = Release|Any CPU
		{E76AF148-7BAD-46FE-ADEF-C6A3451FC68E}.Release|Any CPU.Build.0 = Release|Any CPU
		{E76AF148-7BAD-46FE-ADEF-C6A3451FC68E}.Release|Mixed Platforms.ActiveCfg = Release|Any CPU
		{E76AF148-7BAD-46FE-ADEF-C6A3451FC68E}.Release|Mixed Platforms.Build.0 = Release|Any CPU
		{E76AF148-7BAD-46FE-ADEF-C6A3451FC68E}.Release|x64.ActiveCfg = Release|x64
		{E76AF148-7BAD-46FE-ADEF-C6A3451FC68E}.Release|x64.Build.0 = Release|x64
		{E76AF148-7BAD-46FE-ADEF-C6A3451FC68E}.Release|x86.ActiveCfg = Release|x86
		{E76AF148-7BAD-46FE-ADEF-C6A3451FC68E}.Release|x86.Build.0 = Release|x86
		{4CD63E83-B3B9-45C8-8A55-E4C0B2312865}.Debug|Any CPU.ActiveCfg = Debug|Any CPU
		{4CD63E83-B3B9-45C8-8A55-E4C0B2312865}.Debug|Any CPU.Build.0 = Debug|Any CPU
		{4CD63E83-B3B9-45C8-8A55-E4C0B2312865}.Debug|Mixed Platforms.ActiveCfg = Debug|Any CPU
		{4CD63E83-B3B9-45C8-8A55-E4C0B2312865}.Debug|Mixed Platforms.Build.0 = Debug|Any CPU
		{4CD63E83-B3B9-45C8-8A55-E4C0B2312865}.Debug|x64.ActiveCfg = Debug|x64
		{4CD63E83-B3B9-45C8-8A55-E4C0B2312865}.Debug|x64.Build.0 = Debug|x64
		{4CD63E83-B3B9-45C8-8A55-E4C0B2312865}.Debug|x86.ActiveCfg = Debug|x86
		{4CD63E83-B3B9-45C8-8A55-E4C0B2312865}.Debug|x86.Build.0 = Debug|x86
		{4CD63E83-B3B9-45C8-8A55-E4C0B2312865}.Release|Any CPU.ActiveCfg = Release|Any CPU
		{4CD63E83-B3B9-45C8-8A55-E4C0B2312865}.Release|Any CPU.Build.0 = Release|Any CPU
		{4CD63E83-B3B9-45C8-8A55-E4C0B2312865}.Release|Mixed Platforms.ActiveCfg = Release|Any CPU
		{4CD63E83-B3B9-45C8-8A55-E4C0B2312865}.Release|Mixed Platforms.Build.0 = Release|Any CPU
		{4CD63E83-B3B9-45C8-8A55-E4C0B2312865}.Release|x64.ActiveCfg = Release|x64
		{4CD63E83-B3B9-45C8-8A55-E4C0B2312865}.Release|x64.Build.0 = Release|x64
		{4CD63E83-B3B9-45C8-8A55-E4C0B2312865}.Release|x86.ActiveCfg = Release|x86
		{4CD63E83-B3B9-45C8-8A55-E4C0B2312865}.Release|x86.Build.0 = Release|x86
		{73E99826-419E-4977-AFEE-DB3736974E00}.Debug|Any CPU.ActiveCfg = Debug|Any CPU
		{73E99826-419E-4977-AFEE-DB3736974E00}.Debug|Any CPU.Build.0 = Debug|Any CPU
		{73E99826-419E-4977-AFEE-DB3736974E00}.Debug|Mixed Platforms.ActiveCfg = Debug|Any CPU
		{73E99826-419E-4977-AFEE-DB3736974E00}.Debug|Mixed Platforms.Build.0 = Debug|Any CPU
		{73E99826-419E-4977-AFEE-DB3736974E00}.Debug|x64.ActiveCfg = Debug|x64
		{73E99826-419E-4977-AFEE-DB3736974E00}.Debug|x64.Build.0 = Debug|x64
		{73E99826-419E-4977-AFEE-DB3736974E00}.Debug|x86.ActiveCfg = Debug|x86
		{73E99826-419E-4977-AFEE-DB3736974E00}.Debug|x86.Build.0 = Debug|x86
		{73E99826-419E-4977-AFEE-DB3736974E00}.Release|Any CPU.ActiveCfg = Release|Any CPU
		{73E99826-419E-4977-AFEE-DB3736974E00}.Release|Any CPU.Build.0 = Release|Any CPU
		{73E99826-419E-4977-AFEE-DB3736974E00}.Release|Mixed Platforms.ActiveCfg = Release|Any CPU
		{73E99826-419E-4977-AFEE-DB3736974E00}.Release|Mixed Platforms.Build.0 = Release|Any CPU
		{73E99826-419E-4977-AFEE-DB3736974E00}.Release|x64.ActiveCfg = Release|x64
		{73E99826-419E-4977-AFEE-DB3736974E00}.Release|x64.Build.0 = Release|x64
		{73E99826-419E-4977-AFEE-DB3736974E00}.Release|x86.ActiveCfg = Release|x86
		{73E99826-419E-4977-AFEE-DB3736974E00}.Release|x86.Build.0 = Release|x86
	EndGlobalSection
	GlobalSection(SolutionProperties) = preSolution
		HideSolutionNode = FALSE
	EndGlobalSection
	GlobalSection(ExtensibilityGlobals) = postSolution
		SolutionGuid = {640BD69F-1E46-40E1-9A02-6C84127B42FE}
	EndGlobalSection
EndGlobal
